// !$*UTF8*$!
{
	archiveVersion = 1;
	classes = {
	};
	objectVersion = 56;
	objects = {

/* Begin PBXBuildFile section */
		20C80D352B2FA9020050DF44 /* RemovingRowsApp.swift in Sources */ = {isa = PBXBuildFile; fileRef = 20C80D342B2FA9020050DF44 /* RemovingRowsApp.swift */; };
		20C80D372B2FA9020050DF44 /* ContentView.swift in Sources */ = {isa = PBXBuildFile; fileRef = 20C80D362B2FA9020050DF44 /* ContentView.swift */; };
		20C80D392B2FA9020050DF44 /* Assets.xcassets in Resources */ = {isa = PBXBuildFile; fileRef = 20C80D382B2FA9020050DF44 /* Assets.xcassets */; };
		20C80D3D2B2FA9020050DF44 /* Preview Assets.xcassets in Resources */ = {isa = PBXBuildFile; fileRef = 20C80D3C2B2FA9020050DF44 /* Preview Assets.xcassets */; };
		20C80D472B2FA9030050DF44 /* RemovingRowsTests.swift in Sources */ = {isa = PBXBuildFile; fileRef = 20C80D462B2FA9030050DF44 /* RemovingRowsTests.swift */; };
		20C80D512B2FA9030050DF44 /* RemovingRowsUITests.swift in Sources */ = {isa = PBXBuildFile; fileRef = 20C80D502B2FA9030050DF44 /* RemovingRowsUITests.swift */; };
		20C80D532B2FA9030050DF44 /* RemovingRowsUITestsLaunchTests.swift in Sources */ = {isa = PBXBuildFile; fileRef = 20C80D522B2FA9030050DF44 /* RemovingRowsUITestsLaunchTests.swift */; };
/* End PBXBuildFile section */

/* Begin PBXContainerItemProxy section */
		20C80D432B2FA9030050DF44 /* PBXContainerItemProxy */ = {
			isa = PBXContainerItemProxy;
			containerPortal = 20C80D292B2FA9020050DF44 /* Project object */;
			proxyType = 1;
			remoteGlobalIDString = 20C80D302B2FA9020050DF44;
			remoteInfo = RemovingRows;
		};
		20C80D4D2B2FA9030050DF44 /* PBXContainerItemProxy */ = {
			isa = PBXContainerItemProxy;
			containerPortal = 20C80D292B2FA9020050DF44 /* Project object */;
			proxyType = 1;
			remoteGlobalIDString = 20C80D302B2FA9020050DF44;
			remoteInfo = RemovingRows;
		};
/* End PBXContainerItemProxy section */

/* Begin PBXFileReference section */
		20C80D312B2FA9020050DF44 /* RemovingRows.app */ = {isa = PBXFileReference; explicitFileType = wrapper.application; includeInIndex = 0; path = RemovingRows.app; sourceTree = BUILT_PRODUCTS_DIR; };
		20C80D342B2FA9020050DF44 /* RemovingRowsApp.swift */ = {isa = PBXFileReference; lastKnownFileType = sourcecode.swift; path = RemovingRowsApp.swift; sourceTree = "<group>"; };
		20C80D362B2FA9020050DF44 /* ContentView.swift */ = {isa = PBXFileReference; lastKnownFileType = sourcecode.swift; path = ContentView.swift; sourceTree = "<group>"; };
		20C80D382B2FA9020050DF44 /* Assets.xcassets */ = {isa = PBXFileReference; lastKnownFileType = folder.assetcatalog; path = Assets.xcassets; sourceTree = "<group>"; };
		20C80D3A2B2FA9020050DF44 /* RemovingRows.entitlements */ = {isa = PBXFileReference; lastKnownFileType = text.plist.entitlements; path = RemovingRows.entitlements; sourceTree = "<group>"; };
		20C80D3C2B2FA9020050DF44 /* Preview Assets.xcassets */ = {isa = PBXFileReference; lastKnownFileType = folder.assetcatalog; path = "Preview Assets.xcassets"; sourceTree = "<group>"; };
		20C80D422B2FA9030050DF44 /* RemovingRowsTests.xctest */ = {isa = PBXFileReference; explicitFileType = wrapper.cfbundle; includeInIndex = 0; path = RemovingRowsTests.xctest; sourceTree = BUILT_PRODUCTS_DIR; };
		20C80D462B2FA9030050DF44 /* RemovingRowsTests.swift */ = {isa = PBXFileReference; lastKnownFileType = sourcecode.swift; path = RemovingRowsTests.swift; sourceTree = "<group>"; };
		20C80D4C2B2FA9030050DF44 /* RemovingRowsUITests.xctest */ = {isa = PBXFileReference; explicitFileType = wrapper.cfbundle; includeInIndex = 0; path = RemovingRowsUITests.xctest; sourceTree = BUILT_PRODUCTS_DIR; };
		20C80D502B2FA9030050DF44 /* RemovingRowsUITests.swift */ = {isa = PBXFileReference; lastKnownFileType = sourcecode.swift; path = RemovingRowsUITests.swift; sourceTree = "<group>"; };
		20C80D522B2FA9030050DF44 /* RemovingRowsUITestsLaunchTests.swift */ = {isa = PBXFileReference; lastKnownFileType = sourcecode.swift; path = RemovingRowsUITestsLaunchTests.swift; sourceTree = "<group>"; };
/* End PBXFileReference section */

/* Begin PBXFrameworksBuildPhase section */
		20C80D2E2B2FA9020050DF44 /* Frameworks */ = {
			isa = PBXFrameworksBuildPhase;
			buildActionMask = 2147483647;
			files = (
			);
			runOnlyForDeploymentPostprocessing = 0;
		};
		20C80D3F2B2FA9030050DF44 /* Frameworks */ = {
			isa = PBXFrameworksBuildPhase;
			buildActionMask = 2147483647;
			files = (
			);
			runOnlyForDeploymentPostprocessing = 0;
		};
		20C80D492B2FA9030050DF44 /* Frameworks */ = {
			isa = PBXFrameworksBuildPhase;
			buildActionMask = 2147483647;
			files = (
			);
			runOnlyForDeploymentPostprocessing = 0;
		};
/* End PBXFrameworksBuildPhase section */

/* Begin PBXGroup section */
		20C80D282B2FA9020050DF44 = {
			isa = PBXGroup;
			children = (
				20C80D332B2FA9020050DF44 /* RemovingRows */,
				20C80D452B2FA9030050DF44 /* RemovingRowsTests */,
				20C80D4F2B2FA9030050DF44 /* RemovingRowsUITests */,
				20C80D322B2FA9020050DF44 /* Products */,
			);
			sourceTree = "<group>";
		};
		20C80D322B2FA9020050DF44 /* Products */ = {
			isa = PBXGroup;
			children = (
				20C80D312B2FA9020050DF44 /* RemovingRows.app */,
				20C80D422B2FA9030050DF44 /* RemovingRowsTests.xctest */,
				20C80D4C2B2FA9030050DF44 /* RemovingRowsUITests.xctest */,
			);
			name = Products;
			sourceTree = "<group>";
		};
		20C80D332B2FA9020050DF44 /* RemovingRows */ = {
			isa = PBXGroup;
			children = (
				20C80D342B2FA9020050DF44 /* RemovingRowsApp.swift */,
				20C80D362B2FA9020050DF44 /* ContentView.swift */,
				20C80D382B2FA9020050DF44 /* Assets.xcassets */,
				20C80D3A2B2FA9020050DF44 /* RemovingRows.entitlements */,
				20C80D3B2B2FA9020050DF44 /* Preview Content */,
			);
			path = RemovingRows;
			sourceTree = "<group>";
		};
		20C80D3B2B2FA9020050DF44 /* Preview Content */ = {
			isa = PBXGroup;
			children = (
				20C80D3C2B2FA9020050DF44 /* Preview Assets.xcassets */,
			);
			path = "Preview Content";
			sourceTree = "<group>";
		};
		20C80D452B2FA9030050DF44 /* RemovingRowsTests */ = {
			isa = PBXGroup;
			children = (
				20C80D462B2FA9030050DF44 /* RemovingRowsTests.swift */,
			);
			path = RemovingRowsTests;
			sourceTree = "<group>";
		};
		20C80D4F2B2FA9030050DF44 /* RemovingRowsUITests */ = {
			isa = PBXGroup;
			children = (
				20C80D502B2FA9030050DF44 /* RemovingRowsUITests.swift */,
				20C80D522B2FA9030050DF44 /* RemovingRowsUITestsLaunchTests.swift */,
			);
			path = RemovingRowsUITests;
			sourceTree = "<group>";
		};
/* End PBXGroup section */

/* Begin PBXNativeTarget section */
		20C80D302B2FA9020050DF44 /* RemovingRows */ = {
			isa = PBXNativeTarget;
			buildConfigurationList = 20C80D562B2FA9030050DF44 /* Build configuration list for PBXNativeTarget "RemovingRows" */;
			buildPhases = (
				20C80D2D2B2FA9020050DF44 /* Sources */,
				20C80D2E2B2FA9020050DF44 /* Frameworks */,
				20C80D2F2B2FA9020050DF44 /* Resources */,
			);
			buildRules = (
			);
			dependencies = (
			);
			name = RemovingRows;
			productName = RemovingRows;
			productReference = 20C80D312B2FA9020050DF44 /* RemovingRows.app */;
			productType = "com.apple.product-type.application";
		};
		20C80D412B2FA9030050DF44 /* RemovingRowsTests */ = {
			isa = PBXNativeTarget;
			buildConfigurationList = 20C80D592B2FA9030050DF44 /* Build configuration list for PBXNativeTarget "RemovingRowsTests" */;
			buildPhases = (
				20C80D3E2B2FA9030050DF44 /* Sources */,
				20C80D3F2B2FA9030050DF44 /* Frameworks */,
				20C80D402B2FA9030050DF44 /* Resources */,
			);
			buildRules = (
			);
			dependencies = (
				20C80D442B2FA9030050DF44 /* PBXTargetDependency */,
			);
			name = RemovingRowsTests;
			productName = RemovingRowsTests;
			productReference = 20C80D422B2FA9030050DF44 /* RemovingRowsTests.xctest */;
			productType = "com.apple.product-type.bundle.unit-test";
		};
		20C80D4B2B2FA9030050DF44 /* RemovingRowsUITests */ = {
			isa = PBXNativeTarget;
			buildConfigurationList = 20C80D5C2B2FA9030050DF44 /* Build configuration list for PBXNativeTarget "RemovingRowsUITests" */;
			buildPhases = (
				20C80D482B2FA9030050DF44 /* Sources */,
				20C80D492B2FA9030050DF44 /* Frameworks */,
				20C80D4A2B2FA9030050DF44 /* Resources */,
			);
			buildRules = (
			);
			dependencies = (
				20C80D4E2B2FA9030050DF44 /* PBXTargetDependency */,
			);
			name = RemovingRowsUITests;
			productName = RemovingRowsUITests;
			productReference = 20C80D4C2B2FA9030050DF44 /* RemovingRowsUITests.xctest */;
			productType = "com.apple.product-type.bundle.ui-testing";
		};
/* End PBXNativeTarget section */

/* Begin PBXProject section */
		20C80D292B2FA9020050DF44 /* Project object */ = {
			isa = PBXProject;
			attributes = {
				BuildIndependentTargetsInParallel = 1;
				LastSwiftUpdateCheck = 1430;
				LastUpgradeCheck = 1430;
				TargetAttributes = {
					20C80D302B2FA9020050DF44 = {
						CreatedOnToolsVersion = 14.3.1;
					};
					20C80D412B2FA9030050DF44 = {
						CreatedOnToolsVersion = 14.3.1;
						TestTargetID = 20C80D302B2FA9020050DF44;
					};
					20C80D4B2B2FA9030050DF44 = {
						CreatedOnToolsVersion = 14.3.1;
						TestTargetID = 20C80D302B2FA9020050DF44;
					};
				};
			};
			buildConfigurationList = 20C80D2C2B2FA9020050DF44 /* Build configuration list for PBXProject "RemovingRows" */;
			compatibilityVersion = "Xcode 14.0";
			developmentRegion = en;
			hasScannedForEncodings = 0;
			knownRegions = (
				en,
				Base,
			);
			mainGroup = 20C80D282B2FA9020050DF44;
			productRefGroup = 20C80D322B2FA9020050DF44 /* Products */;
			projectDirPath = "";
			projectRoot = "";
			targets = (
				20C80D302B2FA9020050DF44 /* RemovingRows */,
				20C80D412B2FA9030050DF44 /* RemovingRowsTests */,
				20C80D4B2B2FA9030050DF44 /* RemovingRowsUITests */,
			);
		};
/* End PBXProject section */

/* Begin PBXResourcesBuildPhase section */
		20C80D2F2B2FA9020050DF44 /* Resources */ = {
			isa = PBXResourcesBuildPhase;
			buildActionMask = 2147483647;
			files = (
				20C80D3D2B2FA9020050DF44 /* Preview Assets.xcassets in Resources */,
				20C80D392B2FA9020050DF44 /* Assets.xcassets in Resources */,
			);
			runOnlyForDeploymentPostprocessing = 0;
		};
		20C80D402B2FA9030050DF44 /* Resources */ = {
			isa = PBXResourcesBuildPhase;
			buildActionMask = 2147483647;
			files = (
			);
			runOnlyForDeploymentPostprocessing = 0;
		};
		20C80D4A2B2FA9030050DF44 /* Resources */ = {
			isa = PBXResourcesBuildPhase;
			buildActionMask = 2147483647;
			files = (
			);
			runOnlyForDeploymentPostprocessing = 0;
		};
/* End PBXResourcesBuildPhase section */

/* Begin PBXSourcesBuildPhase section */
		20C80D2D2B2FA9020050DF44 /* Sources */ = {
			isa = PBXSourcesBuildPhase;
			buildActionMask = 2147483647;
			files = (
				20C80D372B2FA9020050DF44 /* ContentView.swift in Sources */,
				20C80D352B2FA9020050DF44 /* RemovingRowsApp.swift in Sources */,
			);
			runOnlyForDeploymentPostprocessing = 0;
		};
		20C80D3E2B2FA9030050DF44 /* Sources */ = {
			isa = PBXSourcesBuildPhase;
			buildActionMask = 2147483647;
			files = (
				20C80D472B2FA9030050DF44 /* RemovingRowsTests.swift in Sources */,
			);
			runOnlyForDeploymentPostprocessing = 0;
		};
		20C80D482B2FA9030050DF44 /* Sources */ = {
			isa = PBXSourcesBuildPhase;
			buildActionMask = 2147483647;
			files = (
				20C80D532B2FA9030050DF44 /* RemovingRowsUITestsLaunchTests.swift in Sources */,
				20C80D512B2FA9030050DF44 /* RemovingRowsUITests.swift in Sources */,
			);
			runOnlyForDeploymentPostprocessing = 0;
		};
/* End PBXSourcesBuildPhase section */

/* Begin PBXTargetDependency section */
		20C80D442B2FA9030050DF44 /* PBXTargetDependency */ = {
			isa = PBXTargetDependency;
			target = 20C80D302B2FA9020050DF44 /* RemovingRows */;
			targetProxy = 20C80D432B2FA9030050DF44 /* PBXContainerItemProxy */;
		};
		20C80D4E2B2FA9030050DF44 /* PBXTargetDependency */ = {
			isa = PBXTargetDependency;
			target = 20C80D302B2FA9020050DF44 /* RemovingRows */;
			targetProxy = 20C80D4D2B2FA9030050DF44 /* PBXContainerItemProxy */;
		};
/* End PBXTargetDependency section */

/* Begin XCBuildConfiguration section */
		20C80D542B2FA9030050DF44 /* Debug */ = {
			isa = XCBuildConfiguration;
			buildSettings = {
				ALWAYS_SEARCH_USER_PATHS = NO;
				CLANG_ANALYZER_NONNULL = YES;
				CLANG_ANALYZER_NUMBER_OBJECT_CONVERSION = YES_AGGRESSIVE;
				CLANG_CXX_LANGUAGE_STANDARD = "gnu++20";
				CLANG_ENABLE_MODULES = YES;
				CLANG_ENABLE_OBJC_ARC = YES;
				CLANG_ENABLE_OBJC_WEAK = YES;
				CLANG_WARN_BLOCK_CAPTURE_AUTORELEASING = YES;
				CLANG_WARN_BOOL_CONVERSION = YES;
				CLANG_WARN_COMMA = YES;
				CLANG_WARN_CONSTANT_CONVERSION = YES;
				CLANG_WARN_DEPRECATED_OBJC_IMPLEMENTATIONS = YES;
				CLANG_WARN_DIRECT_OBJC_ISA_USAGE = YES_ERROR;
				CLANG_WARN_DOCUMENTATION_COMMENTS = YES;
				CLANG_WARN_EMPTY_BODY = YES;
				CLANG_WARN_ENUM_CONVERSION = YES;
				CLANG_WARN_INFINITE_RECURSION = YES;
				CLANG_WARN_INT_CONVERSION = YES;
				CLANG_WARN_NON_LITERAL_NULL_CONVERSION = YES;
				CLANG_WARN_OBJC_IMPLICIT_RETAIN_SELF = YES;
				CLANG_WARN_OBJC_LITERAL_CONVERSION = YES;
				CLANG_WARN_OBJC_ROOT_CLASS = YES_ERROR;
				CLANG_WARN_QUOTED_INCLUDE_IN_FRAMEWORK_HEADER = YES;
				CLANG_WARN_RANGE_LOOP_ANALYSIS = YES;
				CLANG_WARN_STRICT_PROTOTYPES = YES;
				CLANG_WARN_SUSPICIOUS_MOVE = YES;
				CLANG_WARN_UNGUARDED_AVAILABILITY = YES_AGGRESSIVE;
				CLANG_WARN_UNREACHABLE_CODE = YES;
				CLANG_WARN__DUPLICATE_METHOD_MATCH = YES;
				COPY_PHASE_STRIP = NO;
				DEBUG_INFORMATION_FORMAT = dwarf;
				ENABLE_STRICT_OBJC_MSGSEND = YES;
				ENABLE_TESTABILITY = YES;
				GCC_C_LANGUAGE_STANDARD = gnu11;
				GCC_DYNAMIC_NO_PIC = NO;
				GCC_NO_COMMON_BLOCKS = YES;
				GCC_OPTIMIZATION_LEVEL = 0;
				GCC_PREPROCESSOR_DEFINITIONS = (
					"DEBUG=1",
					"$(inherited)",
				);
				GCC_WARN_64_TO_32_BIT_CONVERSION = YES;
				GCC_WARN_ABOUT_RETURN_TYPE = YES_ERROR;
				GCC_WARN_UNDECLARED_SELECTOR = YES;
				GCC_WARN_UNINITIALIZED_AUTOS = YES_AGGRESSIVE;
				GCC_WARN_UNUSED_FUNCTION = YES;
				GCC_WARN_UNUSED_VARIABLE = YES;
				MTL_ENABLE_DEBUG_INFO = INCLUDE_SOURCE;
				MTL_FAST_MATH = YES;
				ONLY_ACTIVE_ARCH = YES;
				SWIFT_ACTIVE_COMPILATION_CONDITIONS = DEBUG;
				SWIFT_OPTIMIZATION_LEVEL = "-Onone";
			};
			name = Debug;
		};
		20C80D552B2FA9030050DF44 /* Release */ = {
			isa = XCBuildConfiguration;
			buildSettings = {
				ALWAYS_SEARCH_USER_PATHS = NO;
				CLANG_ANALYZER_NONNULL = YES;
				CLANG_ANALYZER_NUMBER_OBJECT_CONVERSION = YES_AGGRESSIVE;
				CLANG_CXX_LANGUAGE_STANDARD = "gnu++20";
				CLANG_ENABLE_MODULES = YES;
				CLANG_ENABLE_OBJC_ARC = YES;
				CLANG_ENABLE_OBJC_WEAK = YES;
				CLANG_WARN_BLOCK_CAPTURE_AUTORELEASING = YES;
				CLANG_WARN_BOOL_CONVERSION = YES;
				CLANG_WARN_COMMA = YES;
				CLANG_WARN_CONSTANT_CONVERSION = YES;
				CLANG_WARN_DEPRECATED_OBJC_IMPLEMENTATIONS = YES;
				CLANG_WARN_DIRECT_OBJC_ISA_USAGE = YES_ERROR;
				CLANG_WARN_DOCUMENTATION_COMMENTS = YES;
				CLANG_WARN_EMPTY_BODY = YES;
				CLANG_WARN_ENUM_CONVERSION = YES;
				CLANG_WARN_INFINITE_RECURSION = YES;
				CLANG_WARN_INT_CONVERSION = YES;
				CLANG_WARN_NON_LITERAL_NULL_CONVERSION = YES;
				CLANG_WARN_OBJC_IMPLICIT_RETAIN_SELF = YES;
				CLANG_WARN_OBJC_LITERAL_CONVERSION = YES;
				CLANG_WARN_OBJC_ROOT_CLASS = YES_ERROR;
				CLANG_WARN_QUOTED_INCLUDE_IN_FRAMEWORK_HEADER = YES;
				CLANG_WARN_RANGE_LOOP_ANALYSIS = YES;
				CLANG_WARN_STRICT_PROTOTYPES = YES;
				CLANG_WARN_SUSPICIOUS_MOVE = YES;
				CLANG_WARN_UNGUARDED_AVAILABILITY = YES_AGGRESSIVE;
				CLANG_WARN_UNREACHABLE_CODE = YES;
				CLANG_WARN__DUPLICATE_METHOD_MATCH = YES;
				COPY_PHASE_STRIP = NO;
				DEBUG_INFORMATION_FORMAT = "dwarf-with-dsym";
				ENABLE_NS_ASSERTIONS = NO;
				ENABLE_STRICT_OBJC_MSGSEND = YES;
				GCC_C_LANGUAGE_STANDARD = gnu11;
				GCC_NO_COMMON_BLOCKS = YES;
				GCC_WARN_64_TO_32_BIT_CONVERSION = YES;
				GCC_WARN_ABOUT_RETURN_TYPE = YES_ERROR;
				GCC_WARN_UNDECLARED_SELECTOR = YES;
				GCC_WARN_UNINITIALIZED_AUTOS = YES_AGGRESSIVE;
				GCC_WARN_UNUSED_FUNCTION = YES;
				GCC_WARN_UNUSED_VARIABLE = YES;
				MTL_ENABLE_DEBUG_INFO = NO;
				MTL_FAST_MATH = YES;
				SWIFT_COMPILATION_MODE = wholemodule;
				SWIFT_OPTIMIZATION_LEVEL = "-O";
			};
			name = Release;
		};
		20C80D572B2FA9030050DF44 /* Debug */ = {
			isa = XCBuildConfiguration;
			buildSettings = {
				ASSETCATALOG_COMPILER_APPICON_NAME = AppIcon;
				ASSETCATALOG_COMPILER_GLOBAL_ACCENT_COLOR_NAME = AccentColor;
				CODE_SIGN_ENTITLEMENTS = RemovingRows/RemovingRows.entitlements;
				CODE_SIGN_STYLE = Automatic;
				CURRENT_PROJECT_VERSION = 1;
				DEVELOPMENT_ASSET_PATHS = "\"RemovingRows/Preview Content\"";
				DEVELOPMENT_TEAM = 7388M238KP;
				ENABLE_HARDENED_RUNTIME = YES;
				ENABLE_PREVIEWS = YES;
				GENERATE_INFOPLIST_FILE = YES;
				"INFOPLIST_KEY_UIApplicationSceneManifest_Generation[sdk=iphoneos*]" = YES;
				"INFOPLIST_KEY_UIApplicationSceneManifest_Generation[sdk=iphonesimulator*]" = YES;
				"INFOPLIST_KEY_UIApplicationSupportsIndirectInputEvents[sdk=iphoneos*]" = YES;
				"INFOPLIST_KEY_UIApplicationSupportsIndirectInputEvents[sdk=iphonesimulator*]" = YES;
				"INFOPLIST_KEY_UILaunchScreen_Generation[sdk=iphoneos*]" = YES;
				"INFOPLIST_KEY_UILaunchScreen_Generation[sdk=iphonesimulator*]" = YES;
				"INFOPLIST_KEY_UIStatusBarStyle[sdk=iphoneos*]" = UIStatusBarStyleDefault;
				"INFOPLIST_KEY_UIStatusBarStyle[sdk=iphonesimulator*]" = UIStatusBarStyleDefault;
				INFOPLIST_KEY_UISupportedInterfaceOrientations_iPad = "UIInterfaceOrientationPortrait UIInterfaceOrientationPortraitUpsideDown UIInterfaceOrientationLandscapeLeft UIInterfaceOrientationLandscapeRight";
				INFOPLIST_KEY_UISupportedInterfaceOrientations_iPhone = "UIInterfaceOrientationPortrait UIInterfaceOrientationLandscapeLeft UIInterfaceOrientationLandscapeRight";
				IPHONEOS_DEPLOYMENT_TARGET = 16.4;
				LD_RUNPATH_SEARCH_PATHS = "@executable_path/Frameworks";
				"LD_RUNPATH_SEARCH_PATHS[sdk=macosx*]" = "@executable_path/../Frameworks";
				MACOSX_DEPLOYMENT_TARGET = 13.3;
				MARKETING_VERSION = 1.0;
				PRODUCT_BUNDLE_IDENTIFIER = com.ctr117.RemovingRows;
				PRODUCT_NAME = "$(TARGET_NAME)";
				SDKROOT = auto;
				SUPPORTED_PLATFORMS = "iphoneos iphonesimulator macosx";
				SWIFT_EMIT_LOC_STRINGS = YES;
				SWIFT_VERSION = 5.0;
				TARGETED_DEVICE_FAMILY = "1,2";
			};
			name = Debug;
		};
		20C80D582B2FA9030050DF44 /* Release */ = {
			isa = XCBuildConfiguration;
			buildSettings = {
				ASSETCATALOG_COMPILER_APPICON_NAME = AppIcon;
				ASSETCATALOG_COMPILER_GLOBAL_ACCENT_COLOR_NAME = AccentColor;
				CODE_SIGN_ENTITLEMENTS = RemovingRows/RemovingRows.entitlements;
				CODE_SIGN_STYLE = Automatic;
				CURRENT_PROJECT_VERSION = 1;
				DEVELOPMENT_ASSET_PATHS = "\"RemovingRows/Preview Content\"";
				DEVELOPMENT_TEAM = 7388M238KP;
				ENABLE_HARDENED_RUNTIME = YES;
				ENABLE_PREVIEWS = YES;
				GENERATE_INFOPLIST_FILE = YES;
				"INFOPLIST_KEY_UIApplicationSceneManifest_Generation[sdk=iphoneos*]" = YES;
				"INFOPLIST_KEY_UIApplicationSceneManifest_Generation[sdk=iphonesimulator*]" = YES;
				"INFOPLIST_KEY_UIApplicationSupportsIndirectInputEvents[sdk=iphoneos*]" = YES;
				"INFOPLIST_KEY_UIApplicationSupportsIndirectInputEvents[sdk=iphonesimulator*]" = YES;
				"INFOPLIST_KEY_UILaunchScreen_Generation[sdk=iphoneos*]" = YES;
				"INFOPLIST_KEY_UILaunchScreen_Generation[sdk=iphonesimulator*]" = YES;
				"INFOPLIST_KEY_UIStatusBarStyle[sdk=iphoneos*]" = UIStatusBarStyleDefault;
				"INFOPLIST_KEY_UIStatusBarStyle[sdk=iphonesimulator*]" = UIStatusBarStyleDefault;
				INFOPLIST_KEY_UISupportedInterfaceOrientations_iPad = "UIInterfaceOrientationPortrait UIInterfaceOrientationPortraitUpsideDown UIInterfaceOrientationLandscapeLeft UIInterfaceOrientationLandscapeRight";
				INFOPLIST_KEY_UISupportedInterfaceOrientations_iPhone = "UIInterfaceOrientationPortrait UIInterfaceOrientationLandscapeLeft UIInterfaceOrientationLandscapeRight";
				IPHONEOS_DEPLOYMENT_TARGET = 16.4;
				LD_RUNPATH_SEARCH_PATHS = "@executable_path/Frameworks";
				"LD_RUNPATH_SEARCH_PATHS[sdk=macosx*]" = "@executable_path/../Frameworks";
				MACOSX_DEPLOYMENT_TARGET = 13.3;
				MARKETING_VERSION = 1.0;
				PRODUCT_BUNDLE_IDENTIFIER = com.ctr117.RemovingRows;
				PRODUCT_NAME = "$(TARGET_NAME)";
				SDKROOT = auto;
				SUPPORTED_PLATFORMS = "iphoneos iphonesimulator macosx";
				SWIFT_EMIT_LOC_STRINGS = YES;
				SWIFT_VERSION = 5.0;
				TARGETED_DEVICE_FAMILY = "1,2";
			};
			name = Release;
		};
		20C80D5A2B2FA9030050DF44 /* Debug */ = {
			isa = XCBuildConfiguration;
			buildSettings = {
				ALWAYS_EMBED_SWIFT_STANDARD_LIBRARIES = YES;
				BUNDLE_LOADER = "$(TEST_HOST)";
				CODE_SIGN_STYLE = Automatic;
				CURRENT_PROJECT_VERSION = 1;
				DEVELOPMENT_TEAM = 7388M238KP;
				GENERATE_INFOPLIST_FILE = YES;
				IPHONEOS_DEPLOYMENT_TARGET = 16.4;
				MACOSX_DEPLOYMENT_TARGET = 13.3;
				MARKETING_VERSION = 1.0;
				PRODUCT_BUNDLE_IDENTIFIER = com.ctr117.RemovingRowsTests;
				PRODUCT_NAME = "$(TARGET_NAME)";
				SDKROOT = auto;
				SUPPORTED_PLATFORMS = "iphoneos iphonesimulator macosx";
				SWIFT_EMIT_LOC_STRINGS = NO;
				SWIFT_VERSION = 5.0;
				TARGETED_DEVICE_FAMILY = "1,2";
				TEST_HOST = "$(BUILT_PRODUCTS_DIR)/RemovingRows.app/$(BUNDLE_EXECUTABLE_FOLDER_PATH)/RemovingRows";
			};
			name = Debug;
		};
		20C80D5B2B2FA9030050DF44 /* Release */ = {
			isa = XCBuildConfiguration;
			buildSettings = {
				ALWAYS_EMBED_SWIFT_STANDARD_LIBRARIES = YES;
				BUNDLE_LOADER = "$(TEST_HOST)";
				CODE_SIGN_STYLE = Automatic;
				CURRENT_PROJECT_VERSION = 1;
				DEVELOPMENT_TEAM = 7388M238KP;
				GENERATE_INFOPLIST_FILE = YES;
				IPHONEOS_DEPLOYMENT_TARGET = 16.4;
				MACOSX_DEPLOYMENT_TARGET = 13.3;
				MARKETING_VERSION = 1.0;
				PRODUCT_BUNDLE_IDENTIFIER = com.ctr117.RemovingRowsTests;
				PRODUCT_NAME = "$(TARGET_NAME)";
				SDKROOT = auto;
				SUPPORTED_PLATFORMS = "iphoneos iphonesimulator macosx";
				SWIFT_EMIT_LOC_STRINGS = NO;
				SWIFT_VERSION = 5.0;
				TARGETED_DEVICE_FAMILY = "1,2";
				TEST_HOST = "$(BUILT_PRODUCTS_DIR)/RemovingRows.app/$(BUNDLE_EXECUTABLE_FOLDER_PATH)/RemovingRows";
			};
			name = Release;
		};
		20C80D5D2B2FA9030050DF44 /* Debug */ = {
			isa = XCBuildConfiguration;
			buildSettings = {
				ALWAYS_EMBED_SWIFT_STANDARD_LIBRARIES = YES;
				CODE_SIGN_STYLE = Automatic;
				CURRENT_PROJECT_VERSION = 1;
				DEVELOPMENT_TEAM = 7388M238KP;
				GENERATE_INFOPLIST_FILE = YES;
				IPHONEOS_DEPLOYMENT_TARGET = 16.4;
				MACOSX_DEPLOYMENT_TARGET = 13.3;
				MARKETING_VERSION = 1.0;
				PRODUCT_BUNDLE_IDENTIFIER = com.ctr117.RemovingRowsUITests;
				PRODUCT_NAME = "$(TARGET_NAME)";
				SDKROOT = auto;
				SUPPORTED_PLATFORMS = "iphoneos iphonesimulator macosx";
				SWIFT_EMIT_LOC_STRINGS = NO;
				SWIFT_VERSION = 5.0;
				TARGETED_DEVICE_FAMILY = "1,2";
				TEST_TARGET_NAME = RemovingRows;
			};
			name = Debug;
		};
		20C80D5E2B2FA9030050DF44 /* Release */ = {
			isa = XCBuildConfiguration;
			buildSettings = {
				ALWAYS_EMBED_SWIFT_STANDARD_LIBRARIES = YES;
				CODE_SIGN_STYLE = Automatic;
				CURRENT_PROJECT_VERSION = 1;
				DEVELOPMENT_TEAM = 7388M238KP;
				GENERATE_INFOPLIST_FILE = YES;
				IPHONEOS_DEPLOYMENT_TARGET = 16.4;
				MACOSX_DEPLOYMENT_TARGET = 13.3;
				MARKETING_VERSION = 1.0;
				PRODUCT_BUNDLE_IDENTIFIER = com.ctr117.RemovingRowsUITests;
				PRODUCT_NAME = "$(TARGET_NAME)";
				SDKROOT = auto;
				SUPPORTED_PLATFORMS = "iphoneos iphonesimulator macosx";
				SWIFT_EMIT_LOC_STRINGS = NO;
				SWIFT_VERSION = 5.0;
				TARGETED_DEVICE_FAMILY = "1,2";
				TEST_TARGET_NAME = RemovingRows;
			};
			name = Release;
		};
/* End XCBuildConfiguration section */

/* Begin XCConfigurationList section */
		20C80D2C2B2FA9020050DF44 /* Build configuration list for PBXProject "RemovingRows" */ = {
			isa = XCConfigurationList;
			buildConfigurations = (
				20C80D542B2FA9030050DF44 /* Debug */,
				20C80D552B2FA9030050DF44 /* Release */,
			);
			defaultConfigurationIsVisible = 0;
			defaultConfigurationName = Release;
		};
		20C80D562B2FA9030050DF44 /* Build configuration list for PBXNativeTarget "RemovingRows" */ = {
			isa = XCConfigurationList;
			buildConfigurations = (
				20C80D572B2FA9030050DF44 /* Debug */,
				20C80D582B2FA9030050DF44 /* Release */,
			);
			defaultConfigurationIsVisible = 0;
			defaultConfigurationName = Release;
		};
		20C80D592B2FA9030050DF44 /* Build configuration list for PBXNativeTarget "RemovingRowsTests" */ = {
			isa = XCConfigurationList;
			buildConfigurations = (
				20C80D5A2B2FA9030050DF44 /* Debug */,
				20C80D5B2B2FA9030050DF44 /* Release */,
			);
			defaultConfigurationIsVisible = 0;
			defaultConfigurationName = Release;
		};
		20C80D5C2B2FA9030050DF44 /* Build configuration list for PBXNativeTarget "RemovingRowsUITests" */ = {
			isa = XCConfigurationList;
			buildConfigurations = (
				20C80D5D2B2FA9030050DF44 /* Debug */,
				20C80D5E2B2FA9030050DF44 /* Release */,
			);
			defaultConfigurationIsVisible = 0;
			defaultConfigurationName = Release;
		};
/* End XCConfigurationList section */
	};
	rootObject = 20C80D292B2FA9020050DF44 /* Project object */;
}
